
Microsoft Visual Studio Solution File, Format Version 12.00
# Visual Studio Version 16
VisualStudioVersion = 16.0.28803.202
MinimumVisualStudioVersion = 10.0.40219.1
Project("{FAE04EC0-301F-11D3-BF4B-00C04F79EFBC}") = "2-CriandoVariaveis", "2-CriandoVariaveis\2-CriandoVariaveis.csproj", "{FC1FA2E1-CD9B-4BAB-8639-45C6061E618F}"
EndProject
Project("{FAE04EC0-301F-11D3-BF4B-00C04F79EFBC}") = "3-CriandoVariaveisPontoFlutuante", "3-CriandoVariaveisPontoFlutuante\3-CriandoVariaveisPontoFlutuante.csproj", "{C4D0009D-2CEA-4B75-89AD-C34FE5971325}"
EndProject
Project("{FAE04EC0-301F-11D3-BF4B-00C04F79EFBC}") = "4-ConversoesEOutrosTiposNumericos", "4-ConversoesEOutrosTiposNumericos\4-ConversoesEOutrosTiposNumericos.csproj", "{71619EA8-CEA3-4A78-B7BF-B28EEC06F660}"
EndProject
Project("{FAE04EC0-301F-11D3-BF4B-00C04F79EFBC}") = "5-CaracteresETexto", "5-CaracteresETexto\5-CaracteresETexto.csproj", "{1A721608-F920-43A4-B56D-B5DF1037B787}"
EndProject
Global
	GlobalSection(SolutionConfigurationPlatforms) = preSolution
		Debug|Any CPU = Debug|Any CPU
		Release|Any CPU = Release|Any CPU
	EndGlobalSection
	GlobalSection(ProjectConfigurationPlatforms) = postSolution
		{FC1FA2E1-CD9B-4BAB-8639-45C6061E618F}.Debug|Any CPU.ActiveCfg = Debug|Any CPU
		{FC1FA2E1-CD9B-4BAB-8639-45C6061E618F}.Debug|Any CPU.Build.0 = Debug|Any CPU
		{FC1FA2E1-CD9B-4BAB-8639-45C6061E618F}.Release|Any CPU.ActiveCfg = Release|Any CPU
		{FC1FA2E1-CD9B-4BAB-8639-45C6061E618F}.Release|Any CPU.Build.0 = Release|Any CPU
		{C4D0009D-2CEA-4B75-89AD-C34FE5971325}.Debug|Any CPU.ActiveCfg = Debug|Any CPU
		{C4D0009D-2CEA-4B75-89AD-C34FE5971325}.Debug|Any CPU.Build.0 = Debug|Any CPU
		{C4D0009D-2CEA-4B75-89AD-C34FE5971325}.Release|Any CPU.ActiveCfg = Release|Any CPU
		{C4D0009D-2CEA-4B75-89AD-C34FE5971325}.Release|Any CPU.Build.0 = Release|Any CPU
		{71619EA8-CEA3-4A78-B7BF-B28EEC06F660}.Debug|Any CPU.ActiveCfg = Debug|Any CPU
		{71619EA8-CEA3-4A78-B7BF-B28EEC06F660}.Debug|Any CPU.Build.0 = Debug|Any CPU
		{71619EA8-CEA3-4A78-B7BF-B28EEC06F660}.Release|Any CPU.ActiveCfg = Release|Any CPU
		{71619EA8-CEA3-4A78-B7BF-B28EEC06F660}.Release|Any CPU.Build.0 = Release|Any CPU
		{1A721608-F920-43A4-B56D-B5DF1037B787}.Debug|Any CPU.ActiveCfg = Debug|Any CPU
		{1A721608-F920-43A4-B56D-B5DF1037B787}.Debug|Any CPU.Build.0 = Debug|Any CPU
		{1A721608-F920-43A4-B56D-B5DF1037B787}.Release|Any CPU.ActiveCfg = Release|Any CPU
		{1A721608-F920-43A4-B56D-B5DF1037B787}.Release|Any CPU.Build.0 = Release|Any CPU
	EndGlobalSection
	GlobalSection(SolutionProperties) = preSolution
		HideSolutionNode = FALSE
	EndGlobalSection
	GlobalSection(ExtensibilityGlobals) = postSolution
		SolutionGuid = {CAF6B7A5-C5CC-43CC-BC2D-D83E1B89E75C}
	EndGlobalSection
EndGlobal
